// !$*UTF8*$!
{
	archiveVersion = 1;
	classes = {
	};
	objectVersion = 70;
	objects = {

/* Begin PBXBuildFile section */
		CFB000000000000000000003 /* WidgetSizeProbeExtension.appex in Embed Foundation Extensions */ = {isa = PBXBuildFile; fileRef = CFB000000000000000000002 /* WidgetSizeProbeExtension.appex */; platformFilter = ios; settings = {ATTRIBUTES = (RemoveHeadersOnCopy, ); }; };
		CFB000000000000000000008 /* FrameUp in Frameworks */ = {isa = PBXBuildFile; productRef = CFB000000000000000000007 /* FrameUp */; };
		CF1AB2B22CB5BF530049E553 /* FrameUp in Frameworks */ = {isa = PBXBuildFile; productRef = CF1AB2B12CB5BF530049E553 /* FrameUp */; };
		CF1EEF3E274D4C4D00987595 /* WidgetFrameWidgetExtension.appex in Embed Foundation Extensions */ = {isa = PBXBuildFile; fileRef = CF1EEF2D274D4C4C00987595 /* WidgetFrameWidgetExtension.appex */; platformFilter = ios; settings = {ATTRIBUTES = (RemoveHeadersOnCopy, ); }; };
		CF1EEF4D274D60E900987595 /* FrameUp in Frameworks */ = {isa = PBXBuildFile; productRef = CF1EEF4C274D60E900987595 /* FrameUp */; };
		CFF359C92C090B4100AFC57E /* FrameUpWatchExample Watch App.app in Embed Watch Content */ = {isa = PBXBuildFile; fileRef = CFF359BC2C090B3F00AFC57E /* FrameUpWatchExample Watch App.app */; platformFilter = ios; settings = {ATTRIBUTES = (RemoveHeadersOnCopy, ); }; };
		CFF359CF2C090BEA00AFC57E /* FrameUp in Frameworks */ = {isa = PBXBuildFile; productRef = CFF359CE2C090BEA00AFC57E /* FrameUp */; };
/* End PBXBuildFile section */

/* Begin PBXContainerItemProxy section */
		CFB000000000000000000010 /* PBXContainerItemProxy */ = {
			isa = PBXContainerItemProxy;
			containerPortal = CF48CC9326F131C200406F4E /* Project object */;
			proxyType = 1;
			remoteGlobalIDString = CFB000000000000000000009;
			remoteInfo = WidgetSizeProbeExtension;
		};
		CF1EEF3C274D4C4D00987595 /* PBXContainerItemProxy */ = {
			isa = PBXContainerItemProxy;
			containerPortal = CF48CC9326F131C200406F4E /* Project object */;
			proxyType = 1;
			remoteGlobalIDString = CF1EEF2C274D4C4C00987595;
			remoteInfo = WidgetFrameWidgetExtension;
		};
		CFF359C72C090B4100AFC57E /* PBXContainerItemProxy */ = {
			isa = PBXContainerItemProxy;
			containerPortal = CF48CC9326F131C200406F4E /* Project object */;
			proxyType = 1;
			remoteGlobalIDString = CFF359BB2C090B3F00AFC57E;
			remoteInfo = "FrameUpWatchExample Watch App";
		};
/* End PBXContainerItemProxy section */

/* Begin PBXCopyFilesBuildPhase section */
		CF1EEF42274D4C4D00987595 /* Embed Foundation Extensions */ = {
			isa = PBXCopyFilesBuildPhase;
			buildActionMask = 2147483647;
			dstPath = "";
			dstSubfolderSpec = 13;
			files = (
				CF1EEF3E274D4C4D00987595 /* WidgetFrameWidgetExtension.appex in Embed Foundation Extensions */,
				CFB000000000000000000003 /* WidgetSizeProbeExtension.appex in Embed Foundation Extensions */,
			);
			name = "Embed Foundation Extensions";
			runOnlyForDeploymentPostprocessing = 0;
		};
		CFF359CA2C090B4100AFC57E /* Embed Watch Content */ = {
			isa = PBXCopyFilesBuildPhase;
			buildActionMask = 2147483647;
			dstPath = "$(CONTENTS_FOLDER_PATH)/Watch";
			dstSubfolderSpec = 16;
			files = (
				CFF359C92C090B4100AFC57E /* FrameUpWatchExample Watch App.app in Embed Watch Content */,
			);
			name = "Embed Watch Content";
			runOnlyForDeploymentPostprocessing = 0;
		};
/* End PBXCopyFilesBuildPhase section */

/* Begin PBXFileReference section */
		CFB000000000000000000002 /* WidgetSizeProbeExtension.appex */ = {isa = PBXFileReference; explicitFileType = "wrapper.app-extension"; includeInIndex = 0; path = WidgetSizeProbeExtension.appex; sourceTree = BUILT_PRODUCTS_DIR; };
		CF1EEF2D274D4C4C00987595 /* WidgetFrameWidgetExtension.appex */ = {isa = PBXFileReference; explicitFileType = "wrapper.app-extension"; includeInIndex = 0; path = WidgetFrameWidgetExtension.appex; sourceTree = BUILT_PRODUCTS_DIR; };
		CF48CC9B26F131C200406F4E /* FrameUpExample.app */ = {isa = PBXFileReference; explicitFileType = wrapper.application; includeInIndex = 0; path = FrameUpExample.app; sourceTree = BUILT_PRODUCTS_DIR; };
		CFF359BC2C090B3F00AFC57E /* FrameUpWatchExample Watch App.app */ = {isa = PBXFileReference; explicitFileType = wrapper.application; includeInIndex = 0; path = "FrameUpWatchExample Watch App.app"; sourceTree = BUILT_PRODUCTS_DIR; };
/* End PBXFileReference section */

/* Begin PBXFileSystemSynchronizedBuildFileExceptionSet section */
		CFB000000000000000000015 /* PBXFileSystemSynchronizedBuildFileExceptionSet */ = {
			isa = PBXFileSystemSynchronizedBuildFileExceptionSet;
			membershipExceptions = (
				Info.plist,
			);
			target = CFB000000000000000000009 /* WidgetSizeProbeExtension */;
		};
		CFD05555302F8CBB00D0E96D /* PBXFileSystemSynchronizedBuildFileExceptionSet */ = {
			isa = PBXFileSystemSynchronizedBuildFileExceptionSet;
			membershipExceptions = (
				"_Extensions/View+IfAvailable.swift",
				WidgetExamples/WidgetRelativeShapeDemo.swift,
			);
			target = CF1EEF2C274D4C4C00987595 /* WidgetFrameWidgetExtension */;
		};
		CFD0556D302F8CBF00D0E96D /* PBXFileSystemSynchronizedBuildFileExceptionSet */ = {
			isa = PBXFileSystemSynchronizedBuildFileExceptionSet;
			membershipExceptions = (
				OpenAppAppIntent.swift,
			);
			target = CF48CC9A26F131C200406F4E /* FrameUpExample */;
		};
		CFD0556E302F8CBF00D0E96D /* PBXFileSystemSynchronizedBuildFileExceptionSet */ = {
			isa = PBXFileSystemSynchronizedBuildFileExceptionSet;
			membershipExceptions = (
				Info.plist,
			);
			target = CF1EEF2C274D4C4C00987595 /* WidgetFrameWidgetExtension */;
		};
/* End PBXFileSystemSynchronizedBuildFileExceptionSet section */

/* Begin PBXFileSystemSynchronizedRootGroup section */
		CFB000000000000000000001 /* WidgetSizeProbe */ = {isa = PBXFileSystemSynchronizedRootGroup; exceptions = (CFB000000000000000000015 /* PBXFileSystemSynchronizedBuildFileExceptionSet */, ); explicitFileTypes = {}; explicitFolders = (); path = WidgetSizeProbe; sourceTree = "<group>"; };
		CFD054AD302F8C9200D0E96D /* Shared */ = {isa = PBXFileSystemSynchronizedRootGroup; explicitFileTypes = {}; explicitFolders = (); path = Shared; sourceTree = "<group>"; };
		CFD0550B302F8CBA00D0E96D /* FrameUpExample */ = {isa = PBXFileSystemSynchronizedRootGroup; exceptions = (CFD05555302F8CBB00D0E96D /* PBXFileSystemSynchronizedBuildFileExceptionSet */, ); explicitFileTypes = {}; explicitFolders = (); path = FrameUpExample; sourceTree = "<group>"; };
		CFD05561302F8CBE00D0E96D /* WidgetFrameWidget */ = {isa = PBXFileSystemSynchronizedRootGroup; exceptions = (CFD0556D302F8CBF00D0E96D /* PBXFileSystemSynchronizedBuildFileExceptionSet */, CFD0556E302F8CBF00D0E96D /* PBXFileSystemSynchronizedBuildFileExceptionSet */, ); explicitFileTypes = {}; explicitFolders = (); path = WidgetFrameWidget; sourceTree = "<group>"; };
		CFD05574302F8CC100D0E96D /* FrameUpWatchExample Watch App */ = {isa = PBXFileSystemSynchronizedRootGroup; explicitFileTypes = {}; explicitFolders = (); path = "FrameUpWatchExample Watch App"; sourceTree = "<group>"; };
/* End PBXFileSystemSynchronizedRootGroup section */

/* Begin PBXFrameworksBuildPhase section */
		CFB000000000000000000005 /* Frameworks */ = {
			isa = PBXFrameworksBuildPhase;
			buildActionMask = 2147483647;
			files = (
				CFB000000000000000000008 /* FrameUp in Frameworks */,
			);
			runOnlyForDeploymentPostprocessing = 0;
		};
		CF1EEF2A274D4C4C00987595 /* Frameworks */ = {
			isa = PBXFrameworksBuildPhase;
			buildActionMask = 2147483647;
			files = (
				CF1EEF4D274D60E900987595 /* FrameUp in Frameworks */,
			);
			runOnlyForDeploymentPostprocessing = 0;
		};
		CF48CC9826F131C200406F4E /* Frameworks */ = {
			isa = PBXFrameworksBuildPhase;
			buildActionMask = 2147483647;
			files = (
				CF1AB2B22CB5BF530049E553 /* FrameUp in Frameworks */,
			);
			runOnlyForDeploymentPostprocessing = 0;
		};
		CFF359B92C090B3F00AFC57E /* Frameworks */ = {
			isa = PBXFrameworksBuildPhase;
			buildActionMask = 2147483647;
			files = (
				CFF359CF2C090BEA00AFC57E /* FrameUp in Frameworks */,
			);
			runOnlyForDeploymentPostprocessing = 0;
		};
/* End PBXFrameworksBuildPhase section */

/* Begin PBXGroup section */
		CF48CC9226F131C200406F4E = {
			isa = PBXGroup;
			children = (
				CFD054AD302F8C9200D0E96D /* Shared */,
				CFD0550B302F8CBA00D0E96D /* FrameUpExample */,
				CFD05561302F8CBE00D0E96D /* WidgetFrameWidget */,
				CFB000000000000000000001 /* WidgetSizeProbe */,
				CFD05574302F8CC100D0E96D /* FrameUpWatchExample Watch App */,
				CF48CC9C26F131C200406F4E /* Products */,
			);
			sourceTree = "<group>";
		};
		CF48CC9C26F131C200406F4E /* Products */ = {
			isa = PBXGroup;
			children = (
				CF48CC9B26F131C200406F4E /* FrameUpExample.app */,
				CF1EEF2D274D4C4C00987595 /* WidgetFrameWidgetExtension.appex */,
				CFB000000000000000000002 /* WidgetSizeProbeExtension.appex */,
				CFF359BC2C090B3F00AFC57E /* FrameUpWatchExample Watch App.app */,
			);
			name = Products;
			sourceTree = "<group>";
		};
/* End PBXGroup section */

/* Begin PBXNativeTarget section */
		CFB000000000000000000009 /* WidgetSizeProbeExtension */ = {
			isa = PBXNativeTarget;
			buildConfigurationList = CFB000000000000000000014 /* Build configuration list for PBXNativeTarget "WidgetSizeProbeExtension" */;
			buildPhases = (
				CFB000000000000000000004 /* Sources */,
				CFB000000000000000000005 /* Frameworks */,
				CFB000000000000000000006 /* Resources */,
			);
			buildRules = (
			);
			dependencies = (
			);
			fileSystemSynchronizedGroups = (
				CFB000000000000000000001 /* WidgetSizeProbe */,
			);
			name = WidgetSizeProbeExtension;
			packageProductDependencies = (
				CFB000000000000000000007 /* FrameUp */,
			);
			productName = WidgetSizeProbeExtension;
			productReference = CFB000000000000000000002 /* WidgetSizeProbeExtension.appex */;
			productType = "com.apple.product-type.app-extension";
		};
		CF1EEF2C274D4C4C00987595 /* WidgetFrameWidgetExtension */ = {
			isa = PBXNativeTarget;
			buildConfigurationList = CF1EEF3F274D4C4D00987595 /* Build configuration list for PBXNativeTarget "WidgetFrameWidgetExtension" */;
			buildPhases = (
				CF1EEF29274D4C4C00987595 /* Sources */,
				CF1EEF2A274D4C4C00987595 /* Frameworks */,
				CF1EEF2B274D4C4C00987595 /* Resources */,
			);
			buildRules = (
			);
			dependencies = (
			);
			fileSystemSynchronizedGroups = (
				CFD054AD302F8C9200D0E96D /* Shared */,
				CFD05561302F8CBE00D0E96D /* WidgetFrameWidget */,
			);
			name = WidgetFrameWidgetExtension;
			packageProductDependencies = (
				CF1EEF4C274D60E900987595 /* FrameUp */,
			);
			productName = WidgetFrameWidgetExtension;
			productReference = CF1EEF2D274D4C4C00987595 /* WidgetFrameWidgetExtension.appex */;
			productType = "com.apple.product-type.app-extension";
		};
		CF48CC9A26F131C200406F4E /* FrameUpExample */ = {
			isa = PBXNativeTarget;
			buildConfigurationList = CF48CCA926F131C300406F4E /* Build configuration list for PBXNativeTarget "FrameUpExample" */;
			buildPhases = (
				CF48CC9726F131C200406F4E /* Sources */,
				CF48CC9826F131C200406F4E /* Frameworks */,
				CF48CC9926F131C200406F4E /* Resources */,
				CF1EEF42274D4C4D00987595 /* Embed Foundation Extensions */,
				CFF359CA2C090B4100AFC57E /* Embed Watch Content */,
			);
			buildRules = (
			);
			dependencies = (
				CF1EEF3D274D4C4D00987595 /* PBXTargetDependency */,
				CFB000000000000000000011 /* PBXTargetDependency */,
				CFF359C82C090B4100AFC57E /* PBXTargetDependency */,
			);
			fileSystemSynchronizedGroups = (
				CFD054AD302F8C9200D0E96D /* Shared */,
				CFD0550B302F8CBA00D0E96D /* FrameUpExample */,
			);
			name = FrameUpExample;
			packageProductDependencies = (
				CF1AB2B12CB5BF530049E553 /* FrameUp */,
			);
			productName = FrameUpExample;
			productReference = CF48CC9B26F131C200406F4E /* FrameUpExample.app */;
			productType = "com.apple.product-type.application";
		};
		CFF359BB2C090B3F00AFC57E /* FrameUpWatchExample Watch App */ = {
			isa = PBXNativeTarget;
			buildConfigurationList = CFF359CD2C090B4100AFC57E /* Build configuration list for PBXNativeTarget "FrameUpWatchExample Watch App" */;
			buildPhases = (
				CFF359B82C090B3F00AFC57E /* Sources */,
				CFF359B92C090B3F00AFC57E /* Frameworks */,
				CFF359BA2C090B3F00AFC57E /* Resources */,
			);
			buildRules = (
			);
			dependencies = (
			);
			fileSystemSynchronizedGroups = (
				CFD054AD302F8C9200D0E96D /* Shared */,
				CFD05574302F8CC100D0E96D /* FrameUpWatchExample Watch App */,
			);
			name = "FrameUpWatchExample Watch App";
			packageProductDependencies = (
				CFF359CE2C090BEA00AFC57E /* FrameUp */,
			);
			productName = "FrameUpWatchExample Watch App";
			productReference = CFF359BC2C090B3F00AFC57E /* FrameUpWatchExample Watch App.app */;
			productType = "com.apple.product-type.application";
		};
/* End PBXNativeTarget section */

/* Begin PBXProject section */
		CF48CC9326F131C200406F4E /* Project object */ = {
			isa = PBXProject;
			attributes = {
				BuildIndependentTargetsInParallel = 1;
				LastSwiftUpdateCheck = 1540;
				LastUpgradeCheck = 2700;
				TargetAttributes = {
					CF1EEF2C274D4C4C00987595 = {
						CreatedOnToolsVersion = 13.1;
					};
					CF48CC9A26F131C200406F4E = {
						CreatedOnToolsVersion = 13.0;
					};
					CFF359BB2C090B3F00AFC57E = {
						CreatedOnToolsVersion = 15.4;
					};
				};
			};
			buildConfigurationList = CF48CC9626F131C200406F4E /* Build configuration list for PBXProject "FrameUpExample" */;
			compatibilityVersion = "Xcode 13.0";
			developmentRegion = en;
			hasScannedForEncodings = 0;
			knownRegions = (
				en,
				Base,
			);
			mainGroup = CF48CC9226F131C200406F4E;
			packageReferences = (
				CF1AB2B02CB5BF530049E553 /* XCLocalSwiftPackageReference ".." */,
			);
			productRefGroup = CF48CC9C26F131C200406F4E /* Products */;
			projectDirPath = "";
			projectRoot = "";
			targets = (
				CF48CC9A26F131C200406F4E /* FrameUpExample */,
				CF1EEF2C274D4C4C00987595 /* WidgetFrameWidgetExtension */,
				CFB000000000000000000009 /* WidgetSizeProbeExtension */,
				CFF359BB2C090B3F00AFC57E /* FrameUpWatchExample Watch App */,
			);
		};
/* End PBXProject section */

/* Begin PBXResourcesBuildPhase section */
		CFB000000000000000000006 /* Resources */ = {
			isa = PBXResourcesBuildPhase;
			buildActionMask = 2147483647;
			files = (
			);
			runOnlyForDeploymentPostprocessing = 0;
		};
		CF1EEF2B274D4C4C00987595 /* Resources */ = {
			isa = PBXResourcesBuildPhase;
			buildActionMask = 2147483647;
			files = (
			);
			runOnlyForDeploymentPostprocessing = 0;
		};
		CF48CC9926F131C200406F4E /* Resources */ = {
			isa = PBXResourcesBuildPhase;
			buildActionMask = 2147483647;
			files = (
			);
			runOnlyForDeploymentPostprocessing = 0;
		};
		CFF359BA2C090B3F00AFC57E /* Resources */ = {
			isa = PBXResourcesBuildPhase;
			buildActionMask = 2147483647;
			files = (
			);
			runOnlyForDeploymentPostprocessing = 0;
		};
/* End PBXResourcesBuildPhase section */

/* Begin PBXSourcesBuildPhase section */
		CFB000000000000000000004 /* Sources */ = {
			isa = PBXSourcesBuildPhase;
			buildActionMask = 2147483647;
			files = (
			);
			runOnlyForDeploymentPostprocessing = 0;
		};
		CF1EEF29274D4C4C00987595 /* Sources */ = {
			isa = PBXSourcesBuildPhase;
			buildActionMask = 2147483647;
			files = (
			);
			runOnlyForDeploymentPostprocessing = 0;
		};
		CF48CC9726F131C200406F4E /* Sources */ = {
			isa = PBXSourcesBuildPhase;
			buildActionMask = 2147483647;
			files = (
			);
			runOnlyForDeploymentPostprocessing = 0;
		};
		CFF359B82C090B3F00AFC57E /* Sources */ = {
			isa = PBXSourcesBuildPhase;
			buildActionMask = 2147483647;
			files = (
			);
			runOnlyForDeploymentPostprocessing = 0;
		};
/* End PBXSourcesBuildPhase section */

/* Begin PBXTargetDependency section */
		CFB000000000000000000011 /* PBXTargetDependency */ = {
			isa = PBXTargetDependency;
			platformFilter = ios;
			target = CFB000000000000000000009 /* WidgetSizeProbeExtension */;
			targetProxy = CFB000000000000000000010 /* PBXContainerItemProxy */;
		};
		CF1EEF3D274D4C4D00987595 /* PBXTargetDependency */ = {
			isa = PBXTargetDependency;
			platformFilter = ios;
			target = CF1EEF2C274D4C4C00987595 /* WidgetFrameWidgetExtension */;
			targetProxy = CF1EEF3C274D4C4D00987595 /* PBXContainerItemProxy */;
		};
		CFF359C82C090B4100AFC57E /* PBXTargetDependency */ = {
			isa = PBXTargetDependency;
			platformFilter = ios;
			target = CFF359BB2C090B3F00AFC57E /* FrameUpWatchExample Watch App */;
			targetProxy = CFF359C72C090B4100AFC57E /* PBXContainerItemProxy */;
		};
/* End PBXTargetDependency section */

/* Begin XCBuildConfiguration section */
		CFB000000000000000000012 /* Debug */ = {
			isa = XCBuildConfiguration;
			buildSettings = {
				CODE_SIGN_STYLE = Automatic;
				CURRENT_PROJECT_VERSION = 1;
				GENERATE_INFOPLIST_FILE = YES;
				INFOPLIST_FILE = WidgetSizeProbe/Info.plist;
				INFOPLIST_KEY_CFBundleDisplayName = WidgetSizeProbe;
				INFOPLIST_KEY_NSHumanReadableCopyright = "";
				IPHONEOS_DEPLOYMENT_TARGET = 16.0;
				LD_RUNPATH_SEARCH_PATHS = (
					"$(inherited)",
					"@executable_path/Frameworks",
					"@executable_path/../../Frameworks",
				);
				MARKETING_VERSION = 1.0;
				PRODUCT_BUNDLE_IDENTIFIER = com.abetterwaytodo.FrameUpExample.WidgetSizeProbe;
				PRODUCT_NAME = "$(TARGET_NAME)";
				SKIP_INSTALL = YES;
				SUPPORTED_PLATFORMS = "iphoneos iphonesimulator";
				SUPPORTS_MACCATALYST = NO;
				SUPPORTS_MAC_DESIGNED_FOR_IPHONE_IPAD = NO;
				SUPPORTS_XR_DESIGNED_FOR_IPHONE_IPAD = NO;
				SWIFT_EMIT_LOC_STRINGS = YES;
				SWIFT_VERSION = 6.0;
				TARGETED_DEVICE_FAMILY = "1,2";
			};
			name = Debug;
		};
		CFB000000000000000000013 /* Release */ = {
			isa = XCBuildConfiguration;
			buildSettings = {
				CODE_SIGN_STYLE = Automatic;
				CURRENT_PROJECT_VERSION = 1;
				GENERATE_INFOPLIST_FILE = YES;
				INFOPLIST_FILE = WidgetSizeProbe/Info.plist;
				INFOPLIST_KEY_CFBundleDisplayName = WidgetSizeProbe;
				INFOPLIST_KEY_NSHumanReadableCopyright = "";
				IPHONEOS_DEPLOYMENT_TARGET = 16.0;
				LD_RUNPATH_SEARCH_PATHS = (
					"$(inherited)",
					"@executable_path/Frameworks",
					"@executable_path/../../Frameworks",
				);
				MARKETING_VERSION = 1.0;
				PRODUCT_BUNDLE_IDENTIFIER = com.abetterwaytodo.FrameUpExample.WidgetSizeProbe;
				PRODUCT_NAME = "$(TARGET_NAME)";
				SKIP_INSTALL = YES;
				SUPPORTED_PLATFORMS = "iphoneos iphonesimulator";
				SUPPORTS_MACCATALYST = NO;
				SUPPORTS_MAC_DESIGNED_FOR_IPHONE_IPAD = NO;
				SUPPORTS_XR_DESIGNED_FOR_IPHONE_IPAD = NO;
				SWIFT_EMIT_LOC_STRINGS = YES;
				SWIFT_VERSION = 6.0;
				TARGETED_DEVICE_FAMILY = "1,2";
			};
			name = Release;
		};
		CF1EEF40274D4C4D00987595 /* Debug */ = {
			isa = XCBuildConfiguration;
			buildSettings = {
				ASSETCATALOG_COMPILER_GLOBAL_ACCENT_COLOR_NAME = AccentColor;
				ASSETCATALOG_COMPILER_WIDGET_BACKGROUND_COLOR_NAME = WidgetBackground;
				CODE_SIGN_STYLE = Automatic;
				CURRENT_PROJECT_VERSION = 1;
				GENERATE_INFOPLIST_FILE = YES;
				INFOPLIST_FILE = WidgetFrameWidget/Info.plist;
				INFOPLIST_KEY_CFBundleDisplayName = WidgetFrameWidget;
				INFOPLIST_KEY_NSHumanReadableCopyright = "";
				IPHONEOS_DEPLOYMENT_TARGET = 15.0;
				LD_RUNPATH_SEARCH_PATHS = (
					"$(inherited)",
					"@executable_path/Frameworks",
					"@executable_path/../../Frameworks",
				);
				MARKETING_VERSION = 1.0;
				PRODUCT_BUNDLE_IDENTIFIER = com.abetterwaytodo.FrameUpExample.WidgetFrameWidget;
				PRODUCT_NAME = "$(TARGET_NAME)";
				SKIP_INSTALL = YES;
				SUPPORTED_PLATFORMS = "iphoneos iphonesimulator";
				SUPPORTS_MACCATALYST = NO;
				SUPPORTS_MAC_DESIGNED_FOR_IPHONE_IPAD = NO;
				SUPPORTS_XR_DESIGNED_FOR_IPHONE_IPAD = NO;
				SWIFT_EMIT_LOC_STRINGS = YES;
				SWIFT_VERSION = 6.0;
				TARGETED_DEVICE_FAMILY = "1,2";
			};
			name = Debug;
		};
		CF1EEF41274D4C4D00987595 /* Release */ = {
			isa = XCBuildConfiguration;
			buildSettings = {
				ASSETCATALOG_COMPILER_GLOBAL_ACCENT_COLOR_NAME = AccentColor;
				ASSETCATALOG_COMPILER_WIDGET_BACKGROUND_COLOR_NAME = WidgetBackground;
				CODE_SIGN_STYLE = Automatic;
				CURRENT_PROJECT_VERSION = 1;
				GENERATE_INFOPLIST_FILE = YES;
				INFOPLIST_FILE = WidgetFrameWidget/Info.plist;
				INFOPLIST_KEY_CFBundleDisplayName = WidgetFrameWidget;
				INFOPLIST_KEY_NSHumanReadableCopyright = "";
				IPHONEOS_DEPLOYMENT_TARGET = 15.0;
				LD_RUNPATH_SEARCH_PATHS = (
					"$(inherited)",
					"@executable_path/Frameworks",
					"@executable_path/../../Frameworks",
				);
				MARKETING_VERSION = 1.0;
				PRODUCT_BUNDLE_IDENTIFIER = com.abetterwaytodo.FrameUpExample.WidgetFrameWidget;
				PRODUCT_NAME = "$(TARGET_NAME)";
				SKIP_INSTALL = YES;
				SUPPORTED_PLATFORMS = "iphoneos iphonesimulator";
				SUPPORTS_MACCATALYST = NO;
				SUPPORTS_MAC_DESIGNED_FOR_IPHONE_IPAD = NO;
				SUPPORTS_XR_DESIGNED_FOR_IPHONE_IPAD = NO;
				SWIFT_EMIT_LOC_STRINGS = YES;
				SWIFT_VERSION = 6.0;
				TARGETED_DEVICE_FAMILY = "1,2";
			};
			name = Release;
		};
		CF48CCA726F131C300406F4E /* Debug */ = {
			isa = XCBuildConfiguration;
			buildSettings = {
				ALWAYS_SEARCH_USER_PATHS = NO;
				ASSETCATALOG_COMPILER_GENERATE_SWIFT_ASSET_SYMBOL_EXTENSIONS = YES;
				CLANG_ANALYZER_NONNULL = YES;
				CLANG_ANALYZER_NUMBER_OBJECT_CONVERSION = YES_AGGRESSIVE;
				CLANG_CXX_LANGUAGE_STANDARD = "gnu++17";
				CLANG_CXX_LIBRARY = "libc++";
				CLANG_ENABLE_MODULES = YES;
				CLANG_ENABLE_OBJC_ARC = YES;
				CLANG_ENABLE_OBJC_WEAK = YES;
				CLANG_WARN_BLOCK_CAPTURE_AUTORELEASING = YES;
				CLANG_WARN_BOOL_CONVERSION = YES;
				CLANG_WARN_COMMA = YES;
				CLANG_WARN_CONSTANT_CONVERSION = YES;
				CLANG_WARN_DEPRECATED_OBJC_IMPLEMENTATIONS = YES;
				CLANG_WARN_DIRECT_OBJC_ISA_USAGE = YES_ERROR;
				CLANG_WARN_DOCUMENTATION_COMMENTS = YES;
				CLANG_WARN_EMPTY_BODY = YES;
				CLANG_WARN_ENUM_CONVERSION = YES;
				CLANG_WARN_INFINITE_RECURSION = YES;
				CLANG_WARN_INT_CONVERSION = YES;
				CLANG_WARN_NON_LITERAL_NULL_CONVERSION = YES;
				CLANG_WARN_OBJC_IMPLICIT_RETAIN_SELF = YES;
				CLANG_WARN_OBJC_LITERAL_CONVERSION = YES;
				CLANG_WARN_OBJC_ROOT_CLASS = YES_ERROR;
				CLANG_WARN_QUOTED_INCLUDE_IN_FRAMEWORK_HEADER = YES;
				CLANG_WARN_RANGE_LOOP_ANALYSIS = YES;
				CLANG_WARN_STRICT_PROTOTYPES = YES;
				CLANG_WARN_SUSPICIOUS_MOVE = YES;
				CLANG_WARN_UNGUARDED_AVAILABILITY = YES_AGGRESSIVE;
				CLANG_WARN_UNREACHABLE_CODE = YES;
				CLANG_WARN__DUPLICATE_METHOD_MATCH = YES;
				COPY_PHASE_STRIP = NO;
				DEBUG_INFORMATION_FORMAT = dwarf;
				DEVELOPMENT_TEAM = 97423JQ8B9;
				ENABLE_STRICT_OBJC_MSGSEND = YES;
				ENABLE_TESTABILITY = YES;
				ENABLE_USER_SCRIPT_SANDBOXING = YES;
				GCC_C_LANGUAGE_STANDARD = gnu11;
				GCC_DYNAMIC_NO_PIC = NO;
				GCC_NO_COMMON_BLOCKS = YES;
				GCC_OPTIMIZATION_LEVEL = 0;
				GCC_PREPROCESSOR_DEFINITIONS = (
					"DEBUG=1",
					"$(inherited)",
				);
				GCC_WARN_64_TO_32_BIT_CONVERSION = YES;
				GCC_WARN_ABOUT_RETURN_TYPE = YES_ERROR;
				GCC_WARN_UNDECLARED_SELECTOR = YES;
				GCC_WARN_UNINITIALIZED_AUTOS = YES_AGGRESSIVE;
				GCC_WARN_UNUSED_FUNCTION = YES;
				GCC_WARN_UNUSED_VARIABLE = YES;
				INFOPLIST_KEY_CFBundleDisplayName = FrameUp;
				IPHONEOS_DEPLOYMENT_TARGET = 14.0;
				MACOSX_DEPLOYMENT_TARGET = 11.0;
				MTL_ENABLE_DEBUG_INFO = INCLUDE_SOURCE;
				MTL_FAST_MATH = YES;
				ONLY_ACTIVE_ARCH = YES;
				SDKROOT = iphoneos;
				SWIFT_ACTIVE_COMPILATION_CONDITIONS = DEBUG;
				SWIFT_OPTIMIZATION_LEVEL = "-Onone";
				SWIFT_STRICT_CONCURRENCY = complete;
				XROS_DEPLOYMENT_TARGET = 1.0;
			};
			name = Debug;
		};
		CF48CCA826F131C300406F4E /* Release */ = {
			isa = XCBuildConfiguration;
			buildSettings = {
				ALWAYS_SEARCH_USER_PATHS = NO;
				ASSETCATALOG_COMPILER_GENERATE_SWIFT_ASSET_SYMBOL_EXTENSIONS = YES;
				CLANG_ANALYZER_NONNULL = YES;
				CLANG_ANALYZER_NUMBER_OBJECT_CONVERSION = YES_AGGRESSIVE;
				CLANG_CXX_LANGUAGE_STANDARD = "gnu++17";
				CLANG_CXX_LIBRARY = "libc++";
				CLANG_ENABLE_MODULES = YES;
				CLANG_ENABLE_OBJC_ARC = YES;
				CLANG_ENABLE_OBJC_WEAK = YES;
				CLANG_WARN_BLOCK_CAPTURE_AUTORELEASING = YES;
				CLANG_WARN_BOOL_CONVERSION = YES;
				CLANG_WARN_COMMA = YES;
				CLANG_WARN_CONSTANT_CONVERSION = YES;
				CLANG_WARN_DEPRECATED_OBJC_IMPLEMENTATIONS = YES;
				CLANG_WARN_DIRECT_OBJC_ISA_USAGE = YES_ERROR;
				CLANG_WARN_DOCUMENTATION_COMMENTS = YES;
				CLANG_WARN_EMPTY_BODY = YES;
				CLANG_WARN_ENUM_CONVERSION = YES;
				CLANG_WARN_INFINITE_RECURSION = YES;
				CLANG_WARN_INT_CONVERSION = YES;
				CLANG_WARN_NON_LITERAL_NULL_CONVERSION = YES;
				CLANG_WARN_OBJC_IMPLICIT_RETAIN_SELF = YES;
				CLANG_WARN_OBJC_LITERAL_CONVERSION = YES;
				CLANG_WARN_OBJC_ROOT_CLASS = YES_ERROR;
				CLANG_WARN_QUOTED_INCLUDE_IN_FRAMEWORK_HEADER = YES;
				CLANG_WARN_RANGE_LOOP_ANALYSIS = YES;
				CLANG_WARN_STRICT_PROTOTYPES = YES;
				CLANG_WARN_SUSPICIOUS_MOVE = YES;
				CLANG_WARN_UNGUARDED_AVAILABILITY = YES_AGGRESSIVE;
				CLANG_WARN_UNREACHABLE_CODE = YES;
				CLANG_WARN__DUPLICATE_METHOD_MATCH = YES;
				COPY_PHASE_STRIP = NO;
				DEBUG_INFORMATION_FORMAT = "dwarf-with-dsym";
				DEVELOPMENT_TEAM = 97423JQ8B9;
				ENABLE_NS_ASSERTIONS = NO;
				ENABLE_STRICT_OBJC_MSGSEND = YES;
				ENABLE_USER_SCRIPT_SANDBOXING = YES;
				GCC_C_LANGUAGE_STANDARD = gnu11;
				GCC_NO_COMMON_BLOCKS = YES;
				GCC_WARN_64_TO_32_BIT_CONVERSION = YES;
				GCC_WARN_ABOUT_RETURN_TYPE = YES_ERROR;
				GCC_WARN_UNDECLARED_SELECTOR = YES;
				GCC_WARN_UNINITIALIZED_AUTOS = YES_AGGRESSIVE;
				GCC_WARN_UNUSED_FUNCTION = YES;
				GCC_WARN_UNUSED_VARIABLE = YES;
				INFOPLIST_KEY_CFBundleDisplayName = FrameUp;
				IPHONEOS_DEPLOYMENT_TARGET = 14.0;
				MACOSX_DEPLOYMENT_TARGET = 11.0;
				MTL_ENABLE_DEBUG_INFO = NO;
				MTL_FAST_MATH = YES;
				SDKROOT = iphoneos;
				SWIFT_COMPILATION_MODE = wholemodule;
				SWIFT_OPTIMIZATION_LEVEL = "-O";
				SWIFT_STRICT_CONCURRENCY = complete;
				VALIDATE_PRODUCT = YES;
				XROS_DEPLOYMENT_TARGET = 1.0;
			};
			name = Release;
		};
		CF48CCAA26F131C300406F4E /* Debug */ = {
			isa = XCBuildConfiguration;
			buildSettings = {
				ASSETCATALOG_COMPILER_APPICON_NAME = AppIcon;
				ASSETCATALOG_COMPILER_GLOBAL_ACCENT_COLOR_NAME = AccentColor;
				ASSETCATALOG_COMPILER_INCLUDE_ALL_APPICON_ASSETS = NO;
				CODE_SIGN_STYLE = Automatic;
				CURRENT_PROJECT_VERSION = 1;
				DEVELOPMENT_ASSET_PATHS = "\"FrameUpExample/Preview Content\"";
				ENABLE_PREVIEWS = YES;
				GENERATE_INFOPLIST_FILE = YES;
				INFOPLIST_KEY_CFBundleDisplayName = FrameUp;
				INFOPLIST_KEY_LSApplicationCategoryType = "public.app-category.developer-tools";
				INFOPLIST_KEY_UIApplicationSceneManifest_Generation = YES;
				INFOPLIST_KEY_UIApplicationSupportsIndirectInputEvents = YES;
				INFOPLIST_KEY_UILaunchScreen_Generation = YES;
				INFOPLIST_KEY_UISupportedInterfaceOrientations = "UIInterfaceOrientationPortrait UIInterfaceOrientationLandscapeLeft";
				INFOPLIST_KEY_UISupportedInterfaceOrientations_iPad = "UIInterfaceOrientationPortrait UIInterfaceOrientationPortraitUpsideDown UIInterfaceOrientationLandscapeLeft UIInterfaceOrientationLandscapeRight";
				INFOPLIST_KEY_UISupportedInterfaceOrientations_iPhone = "UIInterfaceOrientationPortrait UIInterfaceOrientationLandscapeRight";
				IPHONEOS_DEPLOYMENT_TARGET = 15.0;
				LD_RUNPATH_SEARCH_PATHS = (
					"$(inherited)",
					"@executable_path/Frameworks",
				);
				MACOSX_DEPLOYMENT_TARGET = 12.0;
				MARKETING_VERSION = 1.0;
				PRODUCT_BUNDLE_IDENTIFIER = com.abetterwaytodo.FrameUpExample;
				PRODUCT_NAME = "$(TARGET_NAME)";
				SUPPORTED_PLATFORMS = "appletvos appletvsimulator iphoneos iphonesimulator macosx xros xrsimulator";
				SUPPORTS_MACCATALYST = NO;
				SUPPORTS_MAC_DESIGNED_FOR_IPHONE_IPAD = NO;
				SUPPORTS_XR_DESIGNED_FOR_IPHONE_IPAD = NO;
				SWIFT_EMIT_LOC_STRINGS = YES;
				SWIFT_STRICT_CONCURRENCY = complete;
				SWIFT_VERSION = 6.0;
				TARGETED_DEVICE_FAMILY = "1,2,3,7";
				TVOS_DEPLOYMENT_TARGET = 15.0;
			};
			name = Debug;
		};
		CF48CCAB26F131C300406F4E /* Release */ = {
			isa = XCBuildConfiguration;
			buildSettings = {
				ASSETCATALOG_COMPILER_APPICON_NAME = AppIcon;
				ASSETCATALOG_COMPILER_GLOBAL_ACCENT_COLOR_NAME = AccentColor;
				ASSETCATALOG_COMPILER_INCLUDE_ALL_APPICON_ASSETS = NO;
				CODE_SIGN_STYLE = Automatic;
				CURRENT_PROJECT_VERSION = 1;
				DEVELOPMENT_ASSET_PATHS = "\"FrameUpExample/Preview Content\"";
				ENABLE_PREVIEWS = YES;
				GENERATE_INFOPLIST_FILE = YES;
				INFOPLIST_KEY_CFBundleDisplayName = FrameUp;
				INFOPLIST_KEY_LSApplicationCategoryType = "public.app-category.developer-tools";
				INFOPLIST_KEY_UIApplicationSceneManifest_Generation = YES;
				INFOPLIST_KEY_UIApplicationSupportsIndirectInputEvents = YES;
				INFOPLIST_KEY_UILaunchScreen_Generation = YES;
				INFOPLIST_KEY_UISupportedInterfaceOrientations = "UIInterfaceOrientationPortrait UIInterfaceOrientationLandscapeLeft";
				INFOPLIST_KEY_UISupportedInterfaceOrientations_iPad = "UIInterfaceOrientationPortrait UIInterfaceOrientationPortraitUpsideDown UIInterfaceOrientationLandscapeLeft UIInterfaceOrientationLandscapeRight";
				INFOPLIST_KEY_UISupportedInterfaceOrientations_iPhone = "UIInterfaceOrientationPortrait UIInterfaceOrientationLandscapeRight";
				IPHONEOS_DEPLOYMENT_TARGET = 15.0;
				LD_RUNPATH_SEARCH_PATHS = (
					"$(inherited)",
					"@executable_path/Frameworks",
				);
				MACOSX_DEPLOYMENT_TARGET = 12.0;
				MARKETING_VERSION = 1.0;
				PRODUCT_BUNDLE_IDENTIFIER = com.abetterwaytodo.FrameUpExample;
				PRODUCT_NAME = "$(TARGET_NAME)";
				SUPPORTED_PLATFORMS = "appletvos appletvsimulator iphoneos iphonesimulator macosx xros xrsimulator";
				SUPPORTS_MACCATALYST = NO;
				SUPPORTS_MAC_DESIGNED_FOR_IPHONE_IPAD = NO;
				SUPPORTS_XR_DESIGNED_FOR_IPHONE_IPAD = NO;
				SWIFT_EMIT_LOC_STRINGS = YES;
				SWIFT_STRICT_CONCURRENCY = complete;
				SWIFT_VERSION = 6.0;
				TARGETED_DEVICE_FAMILY = "1,2,3,7";
				TVOS_DEPLOYMENT_TARGET = 15.0;
			};
			name = Release;
		};
		CFF359CB2C090B4100AFC57E /* Debug */ = {
			isa = XCBuildConfiguration;
			buildSettings = {
				ASSETCATALOG_COMPILER_APPICON_NAME = AppIcon;
				ASSETCATALOG_COMPILER_GLOBAL_ACCENT_COLOR_NAME = AccentColor;
				CLANG_CXX_LANGUAGE_STANDARD = "gnu++20";
				CODE_SIGN_STYLE = Automatic;
				CURRENT_PROJECT_VERSION = 1;
				DEVELOPMENT_ASSET_PATHS = "\"FrameUpWatchExample Watch App/Preview Content\"";
				ENABLE_PREVIEWS = YES;
				GCC_C_LANGUAGE_STANDARD = gnu17;
				GENERATE_INFOPLIST_FILE = YES;
				INFOPLIST_KEY_CFBundleDisplayName = FrameUpWatchExample;
				INFOPLIST_KEY_UISupportedInterfaceOrientations = "UIInterfaceOrientationPortrait UIInterfaceOrientationPortraitUpsideDown";
				INFOPLIST_KEY_WKCompanionAppBundleIdentifier = com.abetterwaytodo.FrameUpExample;
				LD_RUNPATH_SEARCH_PATHS = (
					"$(inherited)",
					"@executable_path/Frameworks",
				);
				LOCALIZATION_PREFERS_STRING_CATALOGS = YES;
				MARKETING_VERSION = 1.0;
				PRODUCT_BUNDLE_IDENTIFIER = com.abetterwaytodo.FrameUpExample.watchkitapp;
				PRODUCT_NAME = "$(TARGET_NAME)";
				SDKROOT = watchos;
				SKIP_INSTALL = YES;
				SWIFT_ACTIVE_COMPILATION_CONDITIONS = "DEBUG $(inherited)";
				SWIFT_EMIT_LOC_STRINGS = YES;
				SWIFT_VERSION = 6.0;
				TARGETED_DEVICE_FAMILY = 4;
				WATCHOS_DEPLOYMENT_TARGET = 9.0;
			};
			name = Debug;
		};
		CFF359CC2C090B4100AFC57E /* Release */ = {
			isa = XCBuildConfiguration;
			buildSettings = {
				ASSETCATALOG_COMPILER_APPICON_NAME = AppIcon;
				ASSETCATALOG_COMPILER_GLOBAL_ACCENT_COLOR_NAME = AccentColor;
				CLANG_CXX_LANGUAGE_STANDARD = "gnu++20";
				CODE_SIGN_STYLE = Automatic;
				CURRENT_PROJECT_VERSION = 1;
				DEVELOPMENT_ASSET_PATHS = "\"FrameUpWatchExample Watch App/Preview Content\"";
				ENABLE_PREVIEWS = YES;
				GCC_C_LANGUAGE_STANDARD = gnu17;
				GENERATE_INFOPLIST_FILE = YES;
				INFOPLIST_KEY_CFBundleDisplayName = FrameUpWatchExample;
				INFOPLIST_KEY_UISupportedInterfaceOrientations = "UIInterfaceOrientationPortrait UIInterfaceOrientationPortraitUpsideDown";
				INFOPLIST_KEY_WKCompanionAppBundleIdentifier = com.abetterwaytodo.FrameUpExample;
				LD_RUNPATH_SEARCH_PATHS = (
					"$(inherited)",
					"@executable_path/Frameworks",
				);
				LOCALIZATION_PREFERS_STRING_CATALOGS = YES;
				MARKETING_VERSION = 1.0;
				PRODUCT_BUNDLE_IDENTIFIER = com.abetterwaytodo.FrameUpExample.watchkitapp;
				PRODUCT_NAME = "$(TARGET_NAME)";
				SDKROOT = watchos;
				SKIP_INSTALL = YES;
				SWIFT_EMIT_LOC_STRINGS = YES;
				SWIFT_VERSION = 6.0;
				TARGETED_DEVICE_FAMILY = 4;
				WATCHOS_DEPLOYMENT_TARGET = 9.0;
			};
			name = Release;
		};
/* End XCBuildConfiguration section */

/* Begin XCConfigurationList section */
		CFB000000000000000000014 /* Build configuration list for PBXNativeTarget "WidgetSizeProbeExtension" */ = {
			isa = XCConfigurationList;
			buildConfigurations = (
				CFB000000000000000000012 /* Debug */,
				CFB000000000000000000013 /* Release */,
			);
			defaultConfigurationIsVisible = 0;
			defaultConfigurationName = Release;
		};
		CF1EEF3F274D4C4D00987595 /* Build configuration list for PBXNativeTarget "WidgetFrameWidgetExtension" */ = {
			isa = XCConfigurationList;
			buildConfigurations = (
				CF1EEF40274D4C4D00987595 /* Debug */,
				CF1EEF41274D4C4D00987595 /* Release */,
			);
			defaultConfigurationIsVisible = 0;
			defaultConfigurationName = Release;
		};
		CF48CC9626F131C200406F4E /* Build configuration list for PBXProject "FrameUpExample" */ = {
			isa = XCConfigurationList;
			buildConfigurations = (
				CF48CCA726F131C300406F4E /* Debug */,
				CF48CCA826F131C300406F4E /* Release */,
			);
			defaultConfigurationIsVisible = 0;
			defaultConfigurationName = Release;
		};
		CF48CCA926F131C300406F4E /* Build configuration list for PBXNativeTarget "FrameUpExample" */ = {
			isa = XCConfigurationList;
			buildConfigurations = (
				CF48CCAA26F131C300406F4E /* Debug */,
				CF48CCAB26F131C300406F4E /* Release */,
			);
			defaultConfigurationIsVisible = 0;
			defaultConfigurationName = Release;
		};
		CFF359CD2C090B4100AFC57E /* Build configuration list for PBXNativeTarget "FrameUpWatchExample Watch App" */ = {
			isa = XCConfigurationList;
			buildConfigurations = (
				CFF359CB2C090B4100AFC57E /* Debug */,
				CFF359CC2C090B4100AFC57E /* Release */,
			);
			defaultConfigurationIsVisible = 0;
			defaultConfigurationName = Release;
		};
/* End XCConfigurationList section */

/* Begin XCLocalSwiftPackageReference section */
		CF1AB2B02CB5BF530049E553 /* XCLocalSwiftPackageReference ".." */ = {
			isa = XCLocalSwiftPackageReference;
			relativePath = ..;
		};
/* End XCLocalSwiftPackageReference section */

/* Begin XCSwiftPackageProductDependency section */
		CFB000000000000000000007 /* FrameUp */ = {
			isa = XCSwiftPackageProductDependency;
			productName = FrameUp;
		};
		CF1AB2B12CB5BF530049E553 /* FrameUp */ = {
			isa = XCSwiftPackageProductDependency;
			productName = FrameUp;
		};
		CF1EEF4C274D60E900987595 /* FrameUp */ = {
			isa = XCSwiftPackageProductDependency;
			productName = FrameUp;
		};
		CFF359CE2C090BEA00AFC57E /* FrameUp */ = {
			isa = XCSwiftPackageProductDependency;
			productName = FrameUp;
		};
/* End XCSwiftPackageProductDependency section */
	};
	rootObject = CF48CC9326F131C200406F4E /* Project object */;
}
